
Microsoft Visual Studio Solution File, Format Version 12.00
# Visual Studio Version 16
VisualStudioVersion = 16.0.31025.194
MinimumVisualStudioVersion = 10.0.40219.1
Project("{8BC9CEB8-8B4A-11D0-8D11-00A0C91BC942}") = "CppToolsLib", "CppToolsLib.vcxproj", "{C7F1CF67-EF25-44A4-85BC-D601F76D406C}"
EndProject
Global
	GlobalSection(SolutionConfigurationPlatforms) = preSolution
		Debug|x64 = Debug|x64
		Debug|x86 = Debug|x86
		Release|x64 = Release|x64
		Release|x86 = Release|x86
	EndGlobalSection
	GlobalSection(ProjectConfigurationPlatforms) = postSolution
		{C7F1CF67-EF25-44A4-85BC-D601F76D406C}.Debug|x64.ActiveCfg = Debug|x64
		{C7F1CF67-EF25-44A4-85BC-D601F76D406C}.Debug|x64.Build.0 = Debug|x64
		{C7F1CF67-EF25-44A4-85BC-D601F76D406C}.Debug|x86.ActiveCfg = Debug|Win32
		{C7F1CF67-EF25-44A4-85BC-D601F76D406C}.Debug|x86.Build.0 = Debug|Win32
		{C7F1CF67-EF25-44A4-85BC-D601F76D406C}.Release|x64.ActiveCfg = Release|x64
		{C7F1CF67-EF25-44A4-85BC-D601F76D406C}.Release|x64.Build.0 = Release|x64
		{C7F1CF67-EF25-44A4-85BC-D601F76D406C}.Release|x86.ActiveCfg = Release|Win32
		{C7F1CF67-EF25-44A4-85BC-D601F76D406C}.Release|x86.Build.0 = Release|Win32
	EndGlobalSection
	GlobalSection(SolutionProperties) = preSolution
		HideSolutionNode = FALSE
	EndGlobalSection
	GlobalSection(ExtensibilityGlobals) = postSolution
		SolutionGuid = {983D5097-6A4A-44AD-87FC-3E197A18E4DC}
	EndGlobalSection
EndGlobal
